
Microsoft Visual Studio Solution File, Format Version 12.00
# Visual Studio 2013
VisualStudioVersion = 12.0.21005.1
MinimumVisualStudioVersion = 10.0.40219.1
Project("{FAE04EC0-301F-11D3-BF4B-00C04F79EFBC}") = "NewAdmin", "NewAdmin\NewAdmin.csproj", "{137E5D73-6C1C-494B-9DCE-7248EFF1C451}"
EndProject
Project("{FAE04EC0-301F-11D3-BF4B-00C04F79EFBC}") = "Database", "Database\Database.csproj", "{76C207AB-BD2F-42A0-AEFF-16425A456D30}"
EndProject
Global
	GlobalSection(SolutionConfigurationPlatforms) = preSolution
		Debug|Any CPU = Debug|Any CPU
		Release|Any CPU = Release|Any CPU
	EndGlobalSection
	GlobalSection(ProjectConfigurationPlatforms) = postSolution
		{137E5D73-6C1C-494B-9DCE-7248EFF1C451}.Debug|Any CPU.ActiveCfg = Debug|Any CPU
		{137E5D73-6C1C-494B-9DCE-7248EFF1C451}.Debug|Any CPU.Build.0 = Debug|Any CPU
		{137E5D73-6C1C-494B-9DCE-7248EFF1C451}.Release|Any CPU.ActiveCfg = Release|Any CPU
		{137E5D73-6C1C-494B-9DCE-7248EFF1C451}.Release|Any CPU.Build.0 = Release|Any CPU
		{76C207AB-BD2F-42A0-AEFF-16425A456D30}.Debug|Any CPU.ActiveCfg = Debug|Any CPU
		{76C207AB-BD2F-42A0-AEFF-16425A456D30}.Debug|Any CPU.Build.0 = Debug|Any CPU
		{76C207AB-BD2F-42A0-AEFF-16425A456D30}.Release|Any CPU.ActiveCfg = Release|Any CPU
		{76C207AB-BD2F-42A0-AEFF-16425A456D30}.Release|Any CPU.Build.0 = Release|Any CPU
	EndGlobalSection
	GlobalSection(SolutionProperties) = preSolution
		HideSolutionNode = FALSE
	EndGlobalSection
EndGlobal
